
Microsoft Visual Studio Solution File, Format Version 12.00
# Visual Studio Version 17
VisualStudioVersion = 17.9.34622.214
MinimumVisualStudioVersion = 10.0.40219.1
Project("{FAE04EC0-301F-11D3-BF4B-00C04F79EFBC}") = "CupheadRunRecap", "CupheadRunRecap\CupheadRunRecap.csproj", "{1914A4D5-BA7A-422E-AF23-C1D59872B6A1}"
EndProject
Global
	GlobalSection(SolutionConfigurationPlatforms) = preSolution
		Debug|Any CPU = Debug|Any CPU
		Release|Any CPU = Release|Any CPU
	EndGlobalSection
	GlobalSection(ProjectConfigurationPlatforms) = postSolution
		{1914A4D5-BA7A-422E-AF23-C1D59872B6A1}.Debug|Any CPU.ActiveCfg = Debug|Any CPU
		{1914A4D5-BA7A-422E-AF23-C1D59872B6A1}.Debug|Any CPU.Build.0 = Debug|Any CPU
		{1914A4D5-BA7A-422E-AF23-C1D59872B6A1}.Release|Any CPU.ActiveCfg = Release|Any CPU
		{1914A4D5-BA7A-422E-AF23-C1D59872B6A1}.Release|Any CPU.Build.0 = Release|Any CPU
	EndGlobalSection
	GlobalSection(SolutionProperties) = preSolution
		HideSolutionNode = FALSE
	EndGlobalSection
	GlobalSection(ExtensibilityGlobals) = postSolution
		SolutionGuid = {9D47477B-E09D-4100-A891-6BDEBA7596F4}
	EndGlobalSection
EndGlobal
